
Microsoft Visual Studio Solution File, Format Version 12.00
# Visual Studio 2012
Project("{FAE04EC0-301F-11D3-BF4B-00C04F79EFBC}") = "ConsoleApplication1WillBeReplaced", "ConsoleApplication1WillBeReplaced\ConsoleApplication1WillBeReplaced.csproj", "{04E47746-3389-4D30-86BE-2C9FA643C15F}"
EndProject
Global
	GlobalSection(SolutionConfigurationPlatforms) = preSolution
		Debug|Any CPU = Debug|Any CPU
		Release|Any CPU = Release|Any CPU
	EndGlobalSection
	GlobalSection(ProjectConfigurationPlatforms) = postSolution
		{04E47746-3389-4D30-86BE-2C9FA643C15F}.Debug|Any CPU.ActiveCfg = Debug|Any CPU
		{04E47746-3389-4D30-86BE-2C9FA643C15F}.Debug|Any CPU.Build.0 = Debug|Any CPU
		{04E47746-3389-4D30-86BE-2C9FA643C15F}.Release|Any CPU.ActiveCfg = Release|Any CPU
		{04E47746-3389-4D30-86BE-2C9FA643C15F}.Release|Any CPU.Build.0 = Release|Any CPU
	EndGlobalSection
	GlobalSection(SolutionProperties) = preSolution
		HideSolutionNode = FALSE
	EndGlobalSection
EndGlobal
